# THIS IS AN AUTOGENERATED FILE. DO NOT EDIT THIS FILE DIRECTLY.
# yarn lockfile v1


"@ffmpeg-installer/darwin-arm64@4.1.5":
  version "4.1.5"
  resolved "https://registry.yarnpkg.com/@ffmpeg-installer/darwin-arm64/-/darwin-arm64-4.1.5.tgz#b7b5c262dd96d1aea4807514e1cdcf6e11f82743"
  integrity sha512-hYqTiP63mXz7wSQfuqfFwfLOfwwFChUedeCVKkBtl/cliaTM7/ePI9bVzfZ2c+dWu3TqCwLDRWNSJ5pqZl8otA==

"@ffmpeg-installer/darwin-x64@4.1.0":
  version "4.1.0"
  resolved "https://registry.yarnpkg.com/@ffmpeg-installer/darwin-x64/-/darwin-x64-4.1.0.tgz#48e1706c690e628148482bfb64acb67472089aaa"
  integrity sha512-Z4EyG3cIFjdhlY8wI9aLUXuH8nVt7E9SlMVZtWvSPnm2sm37/yC2CwjUzyCQbJbySnef1tQwGG2Sx+uWhd9IAw==

"@ffmpeg-installer/ffmpeg@^1.1.0":
  version "1.1.0"
  resolved "https://registry.yarnpkg.com/@ffmpeg-installer/ffmpeg/-/ffmpeg-1.1.0.tgz#87fdb9e7d180e8d78f7903f9441e36f978938a90"
  integrity sha512-Uq4rmwkdGxIa9A6Bd/VqqYbT7zqh1GrT5/rFwCwKM70b42W5gIjWeVETq6SdcL0zXqDtY081Ws/iJWhr1+xvQg==
  optionalDependencies:
    "@ffmpeg-installer/darwin-arm64" "4.1.5"
    "@ffmpeg-installer/darwin-x64" "4.1.0"
    "@ffmpeg-installer/linux-arm" "4.1.3"
    "@ffmpeg-installer/linux-arm64" "4.1.4"
    "@ffmpeg-installer/linux-ia32" "4.1.0"
    "@ffmpeg-installer/linux-x64" "4.1.0"
    "@ffmpeg-installer/win32-ia32" "4.1.0"
    "@ffmpeg-installer/win32-x64" "4.1.0"

"@ffmpeg-installer/linux-arm64@4.1.4":
  version "4.1.4"
  resolved "https://registry.yarnpkg.com/@ffmpeg-installer/linux-arm64/-/linux-arm64-4.1.4.tgz#7219f3f901bb67f7926cb060b56b6974a6cad29f"
  integrity sha512-dljEqAOD0oIM6O6DxBW9US/FkvqvQwgJ2lGHOwHDDwu/pX8+V0YsDL1xqHbj1DMX/+nP9rxw7G7gcUvGspSoKg==

"@ffmpeg-installer/linux-arm@4.1.3":
  version "4.1.3"
  resolved "https://registry.yarnpkg.com/@ffmpeg-installer/linux-arm/-/linux-arm-4.1.3.tgz#c554f105ed5f10475ec25d7bec94926ce18db4c1"
  integrity sha512-NDf5V6l8AfzZ8WzUGZ5mV8O/xMzRag2ETR6+TlGIsMHp81agx51cqpPItXPib/nAZYmo55Bl2L6/WOMI3A5YRg==

"@ffmpeg-installer/linux-ia32@4.1.0":
  version "4.1.0"
  resolved "https://registry.yarnpkg.com/@ffmpeg-installer/linux-ia32/-/linux-ia32-4.1.0.tgz#adad70b0d0d9d8d813983d6e683c5a338a75e442"
  integrity sha512-0LWyFQnPf+Ij9GQGD034hS6A90URNu9HCtQ5cTqo5MxOEc7Rd8gLXrJvn++UmxhU0J5RyRE9KRYstdCVUjkNOQ==

"@ffmpeg-installer/linux-x64@4.1.0":
  version "4.1.0"
  resolved "https://registry.yarnpkg.com/@ffmpeg-installer/linux-x64/-/linux-x64-4.1.0.tgz#b4a5d89c4e12e6d9306dbcdc573df716ec1c4323"
  integrity sha512-Y5BWhGLU/WpQjOArNIgXD3z5mxxdV8c41C+U15nsE5yF8tVcdCGet5zPs5Zy3Ta6bU7haGpIzryutqCGQA/W8A==

"@ffmpeg-installer/win32-ia32@4.1.0":
  version "4.1.0"
  resolved "https://registry.yarnpkg.com/@ffmpeg-installer/win32-ia32/-/win32-ia32-4.1.0.tgz#6eac4fb691b64c02e7a116c1e2d167f3e9b40638"
  integrity sha512-FV2D7RlaZv/lrtdhaQ4oETwoFUsUjlUiasiZLDxhEUPdNDWcH1OU9K1xTvqz+OXLdsmYelUDuBS/zkMOTtlUAw==

"@ffmpeg-installer/win32-x64@4.1.0":
  version "4.1.0"
  resolved "https://registry.yarnpkg.com/@ffmpeg-installer/win32-x64/-/win32-x64-4.1.0.tgz#17e8699b5798d4c60e36e2d6326a8ebe5e95a2c5"
  integrity sha512-Drt5u2vzDnIONf4ZEkKtFlbvwj6rI3kxw1Ck9fpudmtgaZIHD4ucsWB2lCZBXRxJgXR+2IMSti+4rtM4C4rXgg==

"@types/body-parser@*":
  version "1.19.5"
  resolved "https://registry.yarnpkg.com/@types/body-parser/-/body-parser-1.19.5.tgz#04ce9a3b677dc8bd681a17da1ab9835dc9d3ede4"
  integrity sha512-fB3Zu92ucau0iQ0JMCFQE7b/dv8Ot07NI3KaZIkIUNXq82k4eBAqUaneXfleGY9JWskeS9y+u0nXMyspcuQrCg==
  dependencies:
    "@types/connect" "*"
    "@types/node" "*"

"@types/connect@*":
  version "3.4.38"
  resolved "https://registry.yarnpkg.com/@types/connect/-/connect-3.4.38.tgz#5ba7f3bc4fbbdeaff8dded952e5ff2cc53f8d858"
  integrity sha512-K6uROf1LD88uDQqJCktA4yzL1YYAK6NgfsI0v/mTgyPKWsX1CnJ0XPSDhViejru1GcRkLWb8RlzFYJRqGUbaug==
  dependencies:
    "@types/node" "*"

"@types/express-serve-static-core@^4.17.33":
  version "4.17.41"
  resolved "https://registry.yarnpkg.com/@types/express-serve-static-core/-/express-serve-static-core-4.17.41.tgz#5077defa630c2e8d28aa9ffc2c01c157c305bef6"
  integrity sha512-OaJ7XLaelTgrvlZD8/aa0vvvxZdUmlCn6MtWeB7TkiKW70BQLc9XEPpDLPdbo52ZhXUCrznlWdCHWxJWtdyajA==
  dependencies:
    "@types/node" "*"
    "@types/qs" "*"
    "@types/range-parser" "*"
    "@types/send" "*"

"@types/express@*":
  version "4.17.21"
  resolved "https://registry.yarnpkg.com/@types/express/-/express-4.17.21.tgz#c26d4a151e60efe0084b23dc3369ebc631ed192d"
  integrity sha512-ejlPM315qwLpaQlQDTjPdsUFSc6ZsP4AN6AlWnogPjQ7CVi7PYF3YVz+CY3jE2pwYf7E/7HlDAN0rV2GxTG0HQ==
  dependencies:
    "@types/body-parser" "*"
    "@types/express-serve-static-core" "^4.17.33"
    "@types/qs" "*"
    "@types/serve-static" "*"

"@types/fluent-ffmpeg@^2.1.24":
  version "2.1.24"
  resolved "https://registry.yarnpkg.com/@types/fluent-ffmpeg/-/fluent-ffmpeg-2.1.24.tgz#f53c57700bc4360ac638554545c8da2c465434c1"
  integrity sha512-g5oQO8Jgi2kFS3tTub7wLvfLztr1s8tdXmRd8PiL/hLMLzTIAyMR2sANkTggM/rdEDAg3d63nYRRVepwBiCw5A==
  dependencies:
    "@types/node" "*"

"@types/http-errors@*":
  version "2.0.4"
  resolved "https://registry.yarnpkg.com/@types/http-errors/-/http-errors-2.0.4.tgz#7eb47726c391b7345a6ec35ad7f4de469cf5ba4f"
  integrity sha512-D0CFMMtydbJAegzOyHjtiKPLlvnm3iTZyZRSZoLq2mRhDdmLfIWOCYPfQJ4cu2erKghU++QvjcUjp/5h7hESpA==

"@types/mime@*":
  version "3.0.4"
  resolved "https://registry.yarnpkg.com/@types/mime/-/mime-3.0.4.tgz#2198ac274de6017b44d941e00261d5bc6a0e0a45"
  integrity sha512-iJt33IQnVRkqeqC7PzBHPTC6fDlRNRW8vjrgqtScAhrmMwe8c4Eo7+fUGTa+XdWrpEgpyKWMYmi2dIwMAYRzPw==

"@types/mime@^1":
  version "1.3.5"
  resolved "https://registry.yarnpkg.com/@types/mime/-/mime-1.3.5.tgz#1ef302e01cf7d2b5a0fa526790c9123bf1d06690"
  integrity sha512-/pyBZWSLD2n0dcHE3hq8s8ZvcETHtEuF+3E7XVt0Ig2nvsVQXdghHVcEkIWjy9A0wKfTn97a/PSDYohKIlnP/w==

"@types/multer@^1.4.11":
  version "1.4.11"
  resolved "https://registry.yarnpkg.com/@types/multer/-/multer-1.4.11.tgz#c70792670513b4af1159a2b60bf48cc932af55c5"
  integrity sha512-svK240gr6LVWvv3YGyhLlA+6LRRWA4mnGIU7RcNmgjBYFl6665wcXrRfxGp5tEPVHUNm5FMcmq7too9bxCwX/w==
  dependencies:
    "@types/express" "*"

"@types/node@*":
  version "20.10.1"
  resolved "https://registry.yarnpkg.com/@types/node/-/node-20.10.1.tgz#d2c96f356c3125fedc983d74c424910c3767141c"
  integrity sha512-T2qwhjWwGH81vUEx4EXmBKsTJRXFXNZTL4v0gi01+zyBmCwzE6TyHszqX01m+QHTEq+EZNo13NeJIdEqf+Myrg==
  dependencies:
    undici-types "~5.26.4"

"@types/qs@*":
  version "6.9.10"
  resolved "https://registry.yarnpkg.com/@types/qs/-/qs-6.9.10.tgz#0af26845b5067e1c9a622658a51f60a3934d51e8"
  integrity sha512-3Gnx08Ns1sEoCrWssEgTSJs/rsT2vhGP+Ja9cnnk9k4ALxinORlQneLXFeFKOTJMOeZUFD1s7w+w2AphTpvzZw==

"@types/range-parser@*":
  version "1.2.7"
  resolved "https://registry.yarnpkg.com/@types/range-parser/-/range-parser-1.2.7.tgz#50ae4353eaaddc04044279812f52c8c65857dbcb"
  integrity sha512-hKormJbkJqzQGhziax5PItDUTMAM9uE2XXQmM37dyd4hVM+5aVl7oVxMVUiVQn2oCQFN/LKCZdvSM0pFRqbSmQ==

"@types/send@*":
  version "0.17.4"
  resolved "https://registry.yarnpkg.com/@types/send/-/send-0.17.4.tgz#6619cd24e7270793702e4e6a4b958a9010cfc57a"
  integrity sha512-x2EM6TJOybec7c52BX0ZspPodMsQUd5L6PRwOunVyVUhXiBSKf3AezDL8Dgvgt5o0UfKNfuA0eMLr2wLT4AiBA==
  dependencies:
    "@types/mime" "^1"
    "@types/node" "*"

"@types/serve-static@*":
  version "1.15.5"
  resolved "https://registry.yarnpkg.com/@types/serve-static/-/serve-static-1.15.5.tgz#15e67500ec40789a1e8c9defc2d32a896f05b033"
  integrity sha512-PDRk21MnK70hja/YF8AHfC7yIsiQHn1rcXx7ijCFBX/k+XQJhQT/gw3xekXKJvx+5SXaMMS8oqQy09Mzvz2TuQ==
  dependencies:
    "@types/http-errors" "*"
    "@types/mime" "*"
    "@types/node" "*"

async@>=0.2.9:
  version "3.2.5"
  resolved "https://registry.yarnpkg.com/async/-/async-3.2.5.tgz#ebd52a8fdaf7a2289a24df399f8d8485c8a46b66"
  integrity sha512-baNZyqaaLhyLVKm/DlvdW051MSgO6b8eVfIezl9E5PqWxFgzLm/wQntEW4zOytVburDEr0JlALEpdOFwvErLsg==

fluent-ffmpeg@^2.1.2:
  version "2.1.2"
  resolved "https://registry.yarnpkg.com/fluent-ffmpeg/-/fluent-ffmpeg-2.1.2.tgz#c952de2240f812ebda0aa8006d7776ee2acf7d74"
  integrity sha512-IZTB4kq5GK0DPp7sGQ0q/BWurGHffRtQQwVkiqDgeO6wYJLLV5ZhgNOQ65loZxxuPMKZKZcICCUnaGtlxBiR0Q==
  dependencies:
    async ">=0.2.9"
    which "^1.1.1"

isexe@^2.0.0:
  version "2.0.0"
  resolved "https://registry.yarnpkg.com/isexe/-/isexe-2.0.0.tgz#e8fbf374dc556ff8947a10dcb0572d633f2cfa10"
  integrity sha512-RHxMLp9lnKHGHRng9QFhRCMbYAcVpn69smSGcq3f36xjgVVWThj4qqLbTLlq7Ssj8B+fIQ1EuCEGI2lKsyQeIw==

undici-types@~5.26.4:
  version "5.26.5"
  resolved "https://registry.yarnpkg.com/undici-types/-/undici-types-5.26.5.tgz#bcd539893d00b56e964fd2657a4866b221a65617"
  integrity sha512-JlCMO+ehdEIKqlFxk6IfVoAUVmgz7cU7zD/h9XZ0qzeosSHmUJVOzSQvvYSYWXkFXC+IfLKSIffhv0sVZup6pA==

which@^1.1.1:
  version "1.3.1"
  resolved "https://registry.yarnpkg.com/which/-/which-1.3.1.tgz#a45043d54f5805316da8d62f9f50918d3da70b0a"
  integrity sha512-HxJdYWq1MTIQbJ3nw0cqssHoTNU267KlrDuGZ1WYlxDStUtKUhOaJmh112/TZmHxxUfuJqPXSOm7tDyas0OSIQ==
  dependencies:
    isexe "^2.0.0"
